
Microsoft Visual Studio Solution File, Format Version 12.00
# Visual Studio Version 16
VisualStudioVersion = 16.0.31624.102
MinimumVisualStudioVersion = 10.0.40219.1
Project("{FAE04EC0-301F-11D3-BF4B-00C04F79EFBC}") = "MQTTService", "MQTTService\MQTTService.csproj", "{2EA3AFCA-52E0-4E1B-ACC8-0AF804709751}"
EndProject
Project("{54435603-DBB4-11D2-8724-00A0C9A8B90C}") = "Setup1", "Setup1\Setup1.vdproj", "{FC07931C-E30F-4DD7-AD24-8A904C5D40E6}"
EndProject
Global
	GlobalSection(SolutionConfigurationPlatforms) = preSolution
		Debug|Any CPU = Debug|Any CPU
		Release|Any CPU = Release|Any CPU
	EndGlobalSection
	GlobalSection(ProjectConfigurationPlatforms) = postSolution
		{2EA3AFCA-52E0-4E1B-ACC8-0AF804709751}.Debug|Any CPU.ActiveCfg = Debug|Any CPU
		{2EA3AFCA-52E0-4E1B-ACC8-0AF804709751}.Debug|Any CPU.Build.0 = Debug|Any CPU
		{2EA3AFCA-52E0-4E1B-ACC8-0AF804709751}.Release|Any CPU.ActiveCfg = Release|Any CPU
		{2EA3AFCA-52E0-4E1B-ACC8-0AF804709751}.Release|Any CPU.Build.0 = Release|Any CPU
		{FC07931C-E30F-4DD7-AD24-8A904C5D40E6}.Debug|Any CPU.ActiveCfg = Debug
		{FC07931C-E30F-4DD7-AD24-8A904C5D40E6}.Release|Any CPU.ActiveCfg = Release
	EndGlobalSection
	GlobalSection(SolutionProperties) = preSolution
		HideSolutionNode = FALSE
	EndGlobalSection
	GlobalSection(ExtensibilityGlobals) = postSolution
		SolutionGuid = {113D33DA-77C4-4DEF-8602-252A7349414B}
	EndGlobalSection
EndGlobal
